
Microsoft Visual Studio Solution File, Format Version 12.00
# Visual Studio Version 16
VisualStudioVersion = 16.0.30320.27
MinimumVisualStudioVersion = 10.0.40219.1
Project("{FAE04EC0-301F-11D3-BF4B-00C04F79EFBC}") = "gundem-app-win", "gundem-app-win\gundem-app-win.csproj", "{AB8F381F-6DB6-42AD-B303-7E7B44AB145B}"
EndProject
Global
	GlobalSection(SolutionConfigurationPlatforms) = preSolution
		Debug|Any CPU = Debug|Any CPU
		Release|Any CPU = Release|Any CPU
	EndGlobalSection
	GlobalSection(ProjectConfigurationPlatforms) = postSolution
		{AB8F381F-6DB6-42AD-B303-7E7B44AB145B}.Debug|Any CPU.ActiveCfg = Debug|Any CPU
		{AB8F381F-6DB6-42AD-B303-7E7B44AB145B}.Debug|Any CPU.Build.0 = Debug|Any CPU
		{AB8F381F-6DB6-42AD-B303-7E7B44AB145B}.Release|Any CPU.ActiveCfg = Release|Any CPU
		{AB8F381F-6DB6-42AD-B303-7E7B44AB145B}.Release|Any CPU.Build.0 = Release|Any CPU
	EndGlobalSection
	GlobalSection(SolutionProperties) = preSolution
		HideSolutionNode = FALSE
	EndGlobalSection
	GlobalSection(ExtensibilityGlobals) = postSolution
		SolutionGuid = {32BCED9E-E52C-425A-B453-41FC4B57AB28}
	EndGlobalSection
EndGlobal
